
Microsoft Visual Studio Solution File, Format Version 12.00
# Visual Studio 15
VisualStudioVersion = 15.0.28307.1022
MinimumVisualStudioVersion = 10.0.40219.1
Project("{8BC9CEB8-8B4A-11D0-8D11-00A0C91BC942}") = "20200706", "20200706\20200706.vcxproj", "{983CD34F-FA70-42CB-A72B-BF9687A83EC6}"
EndProject
Global
	GlobalSection(SolutionConfigurationPlatforms) = preSolution
		Debug|x64 = Debug|x64
		Debug|x86 = Debug|x86
		Release|x64 = Release|x64
		Release|x86 = Release|x86
	EndGlobalSection
	GlobalSection(ProjectConfigurationPlatforms) = postSolution
		{983CD34F-FA70-42CB-A72B-BF9687A83EC6}.Debug|x64.ActiveCfg = Debug|x64
		{983CD34F-FA70-42CB-A72B-BF9687A83EC6}.Debug|x64.Build.0 = Debug|x64
		{983CD34F-FA70-42CB-A72B-BF9687A83EC6}.Debug|x86.ActiveCfg = Debug|Win32
		{983CD34F-FA70-42CB-A72B-BF9687A83EC6}.Debug|x86.Build.0 = Debug|Win32
		{983CD34F-FA70-42CB-A72B-BF9687A83EC6}.Release|x64.ActiveCfg = Release|x64
		{983CD34F-FA70-42CB-A72B-BF9687A83EC6}.Release|x64.Build.0 = Release|x64
		{983CD34F-FA70-42CB-A72B-BF9687A83EC6}.Release|x86.ActiveCfg = Release|Win32
		{983CD34F-FA70-42CB-A72B-BF9687A83EC6}.Release|x86.Build.0 = Release|Win32
	EndGlobalSection
	GlobalSection(SolutionProperties) = preSolution
		HideSolutionNode = FALSE
	EndGlobalSection
	GlobalSection(ExtensibilityGlobals) = postSolution
		SolutionGuid = {1D328394-E077-4CB2-8B51-8962E63B349A}
	EndGlobalSection
EndGlobal
